{
    "name": "lesli.dev",
    "version": "0.1.0",
    "lockfileVersion": 3,
    "requires": true,
    "packages": {
        "": {
            "name": "lesli.dev",
            "version": "0.1.0",
            "license": "GPLv3",
            "devDependencies": {
                "lesli-css": "file:../lesli-css",
                "remixicon": "4.9.1"
            }
        },
        "../lesli-css": {
            "version": "3.1.0",
            "dev": true,
            "license": "GPLv3",
            "dependencies": {
                "bulma": "1.0.4",
                "sass": "1.89.2"
            },
            "devDependencies": {
                "@vitest/coverage-v8": "3.2.4",
                "glob": "11.0.3",
                "sass-true": "9.0.0",
                "vitest": "3.2.4"
            }
        },
        "node_modules/lesli-css": {
            "resolved": "../lesli-css",
            "link": true
        },
        "node_modules/remixicon": {
            "version": "4.9.1",
            "dev": true,
            "license": "Apache-2.0"
        }
    }
}
