{
    "name": "lesli.dev",
    "version": "0.1.0",
    "lockfileVersion": 2,
    "requires": true,
    "packages": {
        "": {
            "name": "lesli.dev",
            "version": "0.1.0",
            "license": "GPLv3",
            "devDependencies": {
                "bulma": "0.9.4",
                "lesli-css": "1.5.0"
            }
        },
        "node_modules/bulma": {
            "version": "0.9.4",
            "resolved": "https://registry.npmjs.org/bulma/-/bulma-0.9.4.tgz",
            "integrity": "sha512-86FlT5+1GrsgKbPLRRY7cGDg8fsJiP/jzTqXXVqiUZZ2aZT8uemEOHlU1CDU+TxklPEZ11HZNNWclRBBecP4CQ==",
            "dev": true
        },
        "node_modules/lesli-css": {
            "version": "1.5.0",
            "resolved": "https://registry.npmjs.org/lesli-css/-/lesli-css-1.5.0.tgz",
            "integrity": "sha512-kMYDQuUUAu1JN69u8m9ha7zTln3T+zUK6xhZLpFTbo8H6OZdyjpCaAQRwztfCdgUV+zYVSUGimjE/2+Rd8APYQ==",
            "dev": true
        }
    },
    "dependencies": {
        "bulma": {
            "version": "0.9.4",
            "resolved": "https://registry.npmjs.org/bulma/-/bulma-0.9.4.tgz",
            "integrity": "sha512-86FlT5+1GrsgKbPLRRY7cGDg8fsJiP/jzTqXXVqiUZZ2aZT8uemEOHlU1CDU+TxklPEZ11HZNNWclRBBecP4CQ==",
            "dev": true
        },
        "lesli-css": {
            "version": "1.5.0",
            "resolved": "https://registry.npmjs.org/lesli-css/-/lesli-css-1.5.0.tgz",
            "integrity": "sha512-kMYDQuUUAu1JN69u8m9ha7zTln3T+zUK6xhZLpFTbo8H6OZdyjpCaAQRwztfCdgUV+zYVSUGimjE/2+Rd8APYQ==",
            "dev": true
        }
    }
}
